name: Generate frontend lockfile
on:
  push:
    branches: [main]
  workflow_dispatch:

jobs:
  lockfile:
    runs-on: ubuntu-latest
    steps:
      - uses: actions/checkout@v4
      - uses: actions/setup-node@v4
        with:
          node-version: '22'
      - name: Generate package-lock
        working-directory: frontend
        run: npm install --package-lock-only --ignore-scripts --no-audit --no-fund
      - uses: actions/upload-artifact@v4
        with:
          name: farseat-package-lock
          path: frontend/package-lock.json
